
Microsoft Visual Studio Solution File, Format Version 12.00
Project("{FAE04EC0-301F-11D3-BF4B-00C04F79EFBC}") = "E-ComerceAPI", "E-ComerceAPI\E-ComerceAPI.csproj", "{3E6EB38D-A17F-47C2-BA1F-859F7CBF5A8F}"
EndProject
Global
	GlobalSection(SolutionConfigurationPlatforms) = preSolution
		Debug|Any CPU = Debug|Any CPU
		Release|Any CPU = Release|Any CPU
	EndGlobalSection
	GlobalSection(ProjectConfigurationPlatforms) = postSolution
		{3E6EB38D-A17F-47C2-BA1F-859F7CBF5A8F}.Debug|Any CPU.ActiveCfg = Debug|Any CPU
		{3E6EB38D-A17F-47C2-BA1F-859F7CBF5A8F}.Debug|Any CPU.Build.0 = Debug|Any CPU
		{3E6EB38D-A17F-47C2-BA1F-859F7CBF5A8F}.Release|Any CPU.ActiveCfg = Release|Any CPU
		{3E6EB38D-A17F-47C2-BA1F-859F7CBF5A8F}.Release|Any CPU.Build.0 = Release|Any CPU
	EndGlobalSection
EndGlobal
